
Microsoft Visual Studio Solution File, Format Version 12.00
# Visual Studio 15
VisualStudioVersion = 15.0.26730.16
MinimumVisualStudioVersion = 10.0.40219.1
Project("{FAE04EC0-301F-11D3-BF4B-00C04F79EFBC}") = "HelloWorld", "HelloWorld\HelloWorld.csproj", "{EA169B97-1150-4047-8C2A-C6ACBF98662B}"
EndProject
Project("{FAE04EC0-301F-11D3-BF4B-00C04F79EFBC}") = "Calculator", "Calculator\Calculator.csproj", "{9A1DCD95-797E-4278-92B0-EA69F40F50B0}"
EndProject
Project("{FAE04EC0-301F-11D3-BF4B-00C04F79EFBC}") = "SmarterCalculator", "SmarterCalculator\SmarterCalculator.csproj", "{B83A5CBD-25C0-45AC-80B3-B0D080A54548}"
EndProject
Project("{FAE04EC0-301F-11D3-BF4B-00C04F79EFBC}") = "BuyList", "BuyList\BuyList.csproj", "{72805933-7EA2-456F-A80C-C8691F011809}"
EndProject
Global
	GlobalSection(SolutionConfigurationPlatforms) = preSolution
		Debug|Any CPU = Debug|Any CPU
		Release|Any CPU = Release|Any CPU
	EndGlobalSection
	GlobalSection(ProjectConfigurationPlatforms) = postSolution
		{EA169B97-1150-4047-8C2A-C6ACBF98662B}.Debug|Any CPU.ActiveCfg = Debug|Any CPU
		{EA169B97-1150-4047-8C2A-C6ACBF98662B}.Debug|Any CPU.Build.0 = Debug|Any CPU
		{EA169B97-1150-4047-8C2A-C6ACBF98662B}.Release|Any CPU.ActiveCfg = Release|Any CPU
		{EA169B97-1150-4047-8C2A-C6ACBF98662B}.Release|Any CPU.Build.0 = Release|Any CPU
		{9A1DCD95-797E-4278-92B0-EA69F40F50B0}.Debug|Any CPU.ActiveCfg = Debug|Any CPU
		{9A1DCD95-797E-4278-92B0-EA69F40F50B0}.Debug|Any CPU.Build.0 = Debug|Any CPU
		{9A1DCD95-797E-4278-92B0-EA69F40F50B0}.Release|Any CPU.ActiveCfg = Release|Any CPU
		{9A1DCD95-797E-4278-92B0-EA69F40F50B0}.Release|Any CPU.Build.0 = Release|Any CPU
		{B83A5CBD-25C0-45AC-80B3-B0D080A54548}.Debug|Any CPU.ActiveCfg = Debug|Any CPU
		{B83A5CBD-25C0-45AC-80B3-B0D080A54548}.Debug|Any CPU.Build.0 = Debug|Any CPU
		{B83A5CBD-25C0-45AC-80B3-B0D080A54548}.Release|Any CPU.ActiveCfg = Release|Any CPU
		{B83A5CBD-25C0-45AC-80B3-B0D080A54548}.Release|Any CPU.Build.0 = Release|Any CPU
		{72805933-7EA2-456F-A80C-C8691F011809}.Debug|Any CPU.ActiveCfg = Debug|Any CPU
		{72805933-7EA2-456F-A80C-C8691F011809}.Debug|Any CPU.Build.0 = Debug|Any CPU
		{72805933-7EA2-456F-A80C-C8691F011809}.Release|Any CPU.ActiveCfg = Release|Any CPU
		{72805933-7EA2-456F-A80C-C8691F011809}.Release|Any CPU.Build.0 = Release|Any CPU
	EndGlobalSection
	GlobalSection(SolutionProperties) = preSolution
		HideSolutionNode = FALSE
	EndGlobalSection
	GlobalSection(ExtensibilityGlobals) = postSolution
		SolutionGuid = {DCF86107-1FBE-4D28-804D-88B10B4A07ED}
	EndGlobalSection
EndGlobal
